{
  "name": "Skillink",
  "lockfileVersion": 3,
  "requires": true,
  "packages": {
    "": {
      "dependencies": {
        "@lottiefiles/dotlottie-react": "^0.19.0"
      }
    },
    "node_modules/@lottiefiles/dotlottie-react": {
      "version": "0.19.0",
      "resolved": "https://registry.npmjs.org/@lottiefiles/dotlottie-react/-/dotlottie-react-0.19.0.tgz",
      "integrity": "sha512-SMhHwE68WiHdV7vVWHuCU3YD2tDAaNQmyGMmhSP7uXOaILoLRbdRRWpk9NsUxFPrwYuqKQ+3FNQw6bAJ19HCAg==",
      "license": "MIT",
      "dependencies": {
        "@lottiefiles/dotlottie-web": "0.71.0"
      },
      "peerDependencies": {
        "react": "^17 || ^18 || ^19"
      }
    },
    "node_modules/@lottiefiles/dotlottie-web": {
      "version": "0.71.0",
      "resolved": "https://registry.npmjs.org/@lottiefiles/dotlottie-web/-/dotlottie-web-0.71.0.tgz",
      "integrity": "sha512-CliQttL0Rk0or/aDQkqUJXnC9Cm5TxzNdOqy/YlzKlU6mu+XgTMwyt5/HpPiltlMeaqBmM9mOzfevpyP4QmudQ==",
      "license": "MIT"
    },
    "node_modules/react": {
      "version": "19.2.5",
      "resolved": "https://registry.npmjs.org/react/-/react-19.2.5.tgz",
      "integrity": "sha512-llUJLzz1zTUBrskt2pwZgLq59AemifIftw4aB7JxOqf1HY2FDaGDxgwpAPVzHU1kdWabH7FauP4i1oEeer2WCA==",
      "license": "MIT",
      "peer": true,
      "engines": {
        "node": ">=0.10.0"
      }
    }
  }
}
